
Microsoft Visual Studio Solution File, Format Version 12.00
# Visual Studio Version 16
VisualStudioVersion = 16.0.30114.105
MinimumVisualStudioVersion = 10.0.40219.1
Project("{9A19103F-16F7-4668-BE54-9A1E7A4F7556}") = "AzureFunctionsRazorEmailTemplateSample", "AzureFunctionsRazorEmailTemplateSample.csproj", "{A976D161-88C5-4828-B01C-B695DEB72637}"
EndProject
Global
	GlobalSection(SolutionConfigurationPlatforms) = preSolution
		Debug|Any CPU = Debug|Any CPU
		Release|Any CPU = Release|Any CPU
	EndGlobalSection
	GlobalSection(ProjectConfigurationPlatforms) = postSolution
		{A976D161-88C5-4828-B01C-B695DEB72637}.Debug|Any CPU.ActiveCfg = Debug|Any CPU
		{A976D161-88C5-4828-B01C-B695DEB72637}.Debug|Any CPU.Build.0 = Debug|Any CPU
		{A976D161-88C5-4828-B01C-B695DEB72637}.Release|Any CPU.ActiveCfg = Release|Any CPU
		{A976D161-88C5-4828-B01C-B695DEB72637}.Release|Any CPU.Build.0 = Release|Any CPU
	EndGlobalSection
	GlobalSection(SolutionProperties) = preSolution
		HideSolutionNode = FALSE
	EndGlobalSection
	GlobalSection(ExtensibilityGlobals) = postSolution
		SolutionGuid = {29E71494-AAF7-495B-AA4C-EC4D05DD8266}
	EndGlobalSection
EndGlobal
